<?xml version="1.0" encoding="utf-8"?>
<Project ToolsVersion="17.0" xmlns="http://schemas.microsoft.com/developer/msbuild/2003">
  <ItemGroup>
    <ClCompile Include="C:\Users\thier\C++\projects\JumperBoy\src\jumper_boy.cpp">
      <Filter>Source Files</Filter>
    </ClCompile>
    <ClCompile Include="C:\Users\thier\C++\projects\JumperBoy\src\cartridge\cartridge.cpp">
      <Filter>Source Files</Filter>
    </ClCompile>
    <ClCompile Include="C:\Users\thier\C++\projects\JumperBoy\libs\tfd\tinyfiledialogs.cpp">
      <Filter>Source Files</Filter>
    </ClCompile>
    <ClCompile Include="C:\Users\thier\C++\projects\JumperBoy\src\bus.cpp">
      <Filter>Source Files</Filter>
    </ClCompile>
    <ClCompile Include="C:\Users\thier\C++\projects\JumperBoy\src\cpu\cpu.cpp">
      <Filter>Source Files</Filter>
    </ClCompile>
    <ClCompile Include="C:\Users\thier\C++\projects\JumperBoy\src\cpu\instructions.cpp">
      <Filter>Source Files</Filter>
    </ClCompile>
    <ClCompile Include="C:\Users\thier\C++\projects\JumperBoy\src\gb.cpp">
      <Filter>Source Files</Filter>
    </ClCompile>
    <ClCompile Include="C:\Users\thier\C++\projects\JumperBoy\src\cpu\cpu_fetch.cpp">
      <Filter>Source Files</Filter>
    </ClCompile>
    <ClCompile Include="C:\Users\thier\C++\projects\JumperBoy\src\cpu\cpu_execute.cpp">
      <Filter>Source Files</Filter>
    </ClCompile>
    <ClCompile Include="C:\Users\thier\C++\projects\JumperBoy\src\cpu\cpu_registers.cpp">
      <Filter>Source Files</Filter>
    </ClCompile>
    <ClCompile Include="C:\Users\thier\C++\projects\JumperBoy\src\ram.cpp">
      <Filter>Source Files</Filter>
    </ClCompile>
    <ClCompile Include="C:\Users\thier\C++\projects\JumperBoy\src\ui\user_interface.cpp">
      <Filter>Source Files</Filter>
    </ClCompile>
    <ClCompile Include="C:\Users\thier\C++\projects\JumperBoy\src\io\io.cpp">
      <Filter>Source Files</Filter>
    </ClCompile>
    <ClCompile Include="C:\Users\thier\C++\projects\JumperBoy\src\cpu\interrupt.cpp">
      <Filter>Source Files</Filter>
    </ClCompile>
    <ClCompile Include="C:\Users\thier\C++\projects\JumperBoy\src\io\joypad.cpp">
      <Filter>Source Files</Filter>
    </ClCompile>
    <ClCompile Include="C:\Users\thier\C++\projects\JumperBoy\src\io\input_handler.cpp">
      <Filter>Source Files</Filter>
    </ClCompile>
    <ClCompile Include="C:\Users\thier\C++\projects\JumperBoy\src\cpu\debugging.cpp">
      <Filter>Source Files</Filter>
    </ClCompile>
    <ClCompile Include="C:\Users\thier\C++\projects\JumperBoy\src\io\timer.cpp">
      <Filter>Source Files</Filter>
    </ClCompile>
    <ClCompile Include="C:\Users\thier\C++\projects\JumperBoy\src\apu\apu.cpp">
      <Filter>Source Files</Filter>
    </ClCompile>
    <ClCompile Include="C:\Users\thier\C++\projects\JumperBoy\src\ppu\ppu.cpp">
      <Filter>Source Files</Filter>
    </ClCompile>
    <ClCompile Include="C:\Users\thier\C++\projects\JumperBoy\src\ppu\vmem.cpp">
      <Filter>Source Files</Filter>
    </ClCompile>
    <ClCompile Include="C:\Users\thier\C++\projects\JumperBoy\src\ppu\lcd.cpp">
      <Filter>Source Files</Filter>
    </ClCompile>
    <ClCompile Include="C:\Users\thier\C++\projects\JumperBoy\src\ui\user_inputs.cpp">
      <Filter>Source Files</Filter>
    </ClCompile>
    <ClCompile Include="C:\Users\thier\C++\projects\JumperBoy\src\ui\user_visuals.cpp">
      <Filter>Source Files</Filter>
    </ClCompile>
    <ClCompile Include="C:\Users\thier\C++\projects\JumperBoy\src\ppu\dma.cpp">
      <Filter>Source Files</Filter>
    </ClCompile>
    <ClCompile Include="C:\Users\thier\C++\projects\JumperBoy\src\ppu\ppu_pipeline.cpp">
      <Filter>Source Files</Filter>
    </ClCompile>
    <ClCompile Include="C:\Users\thier\C++\projects\JumperBoy\src\ppu\pixel_transfer.cpp">
      <Filter>Source Files</Filter>
    </ClCompile>
    <ClCompile Include="C:\Users\thier\C++\projects\JumperBoy\src\cartridge\mbc.cpp">
      <Filter>Source Files</Filter>
    </ClCompile>
  </ItemGroup>
  <ItemGroup>
    <CustomBuild Include="C:\Users\thier\C++\projects\JumperBoy\src\CMakeLists.txt" />
  </ItemGroup>
  <ItemGroup>
    <Filter Include="Source Files">
      <UniqueIdentifier>{5DA664B7-2CA4-3132-AAD8-9EF367FD6CB0}</UniqueIdentifier>
    </Filter>
  </ItemGroup>
</Project>
